{
  "name": "resume-review-ai",
  "lockfileVersion": 3,
  "requires": true,
  "packages": {
    "": {
      "devDependencies": {
        "react-router-sitemap": "^1.2.0"
      }
    },
    "node_modules/react-router-sitemap": {
      "version": "1.2.0",
      "resolved": "https://registry.npmjs.org/react-router-sitemap/-/react-router-sitemap-1.2.0.tgz",
      "integrity": "sha512-3aETwxCFTGHsGbXpyh7sr+c/WDr0q1rpng0M4pgoV6Owl3673buejPHGvzDmZEdiqhRa+I0znRDneKRc1NC06Q==",
      "dev": true,
      "dependencies": {
        "sitemap": "^1.6.0"
      },
      "peerDependencies": {
        "react": "^15.1.0 || ^16.0.0",
        "react-router": "^2.3.0 || ^3.2.1 || ^4.3.0"
      }
    },
    "node_modules/sitemap": {
      "version": "1.13.0",
      "resolved": "https://registry.npmjs.org/sitemap/-/sitemap-1.13.0.tgz",
      "integrity": "sha512-++mJIYR1+WpO1m0iqZv9viGmalxkm6r8Zq8OOFcFzx3aLlXU50T0JV3pvr6WHyFkwudlXmt190ZRbtH3yOm3Hg==",
      "dev": true,
      "dependencies": {
        "underscore": "^1.7.0",
        "url-join": "^1.1.0"
      }
    },
    "node_modules/underscore": {
      "version": "1.13.7",
      "resolved": "https://registry.npmjs.org/underscore/-/underscore-1.13.7.tgz",
      "integrity": "sha512-GMXzWtsc57XAtguZgaQViUOzs0KTkk8ojr3/xAxXLITqf/3EMwxC0inyETfDFjH/Krbhuep0HNbbjI9i/q3F3g==",
      "dev": true
    },
    "node_modules/url-join": {
      "version": "1.1.0",
      "resolved": "https://registry.npmjs.org/url-join/-/url-join-1.1.0.tgz",
      "integrity": "sha512-zz1wZk4Lb5PTVwZ3HWDmm8XnlPvmOof6/fjdDPA5yBrUcbtV64U6bV832Zf1BtU2WkBBWaUT46wCs+l0HP5nhg==",
      "dev": true
    }
  }
}
